
Microsoft Visual Studio Solution File, Format Version 12.00
# Visual Studio Version 17
VisualStudioVersion = 17.3.32825.248
MinimumVisualStudioVersion = 10.0.40219.1
Project("{FAE04EC0-301F-11D3-BF4B-00C04F79EFBC}") = "MyBase.Web", "MyBase\MyBase.Web.csproj", "{B257445E-5225-48B4-B6A0-9523C571E893}"
EndProject
Project("{FAE04EC0-301F-11D3-BF4B-00C04F79EFBC}") = "MyBase.Application", "MyBase.Application\MyBase.Application.csproj", "{A700E6CC-D95E-4FA4-97FA-D0D4B0B6BD8F}"
EndProject
Project("{FAE04EC0-301F-11D3-BF4B-00C04F79EFBC}") = "MyBase.Domain", "MyBase.Domain\MyBase.Domain.csproj", "{037F43FC-43EC-4DDA-AE75-445CC77A5782}"
EndProject
Project("{FAE04EC0-301F-11D3-BF4B-00C04F79EFBC}") = "MyBase.Common", "MyBase.Common\MyBase.Common.csproj", "{CDF2420A-8443-49CB-BE20-A8D2578D10D3}"
EndProject
Project("{FAE04EC0-301F-11D3-BF4B-00C04F79EFBC}") = "MyBase.Infrastructure", "MyBase.Infrastructure\MyBase.Infrastructure.csproj", "{92F58C48-A059-4E1D-88F6-29E190C19AB2}"
EndProject
Global
	GlobalSection(SolutionConfigurationPlatforms) = preSolution
		Debug|Any CPU = Debug|Any CPU
		Release|Any CPU = Release|Any CPU
	EndGlobalSection
	GlobalSection(ProjectConfigurationPlatforms) = postSolution
		{B257445E-5225-48B4-B6A0-9523C571E893}.Debug|Any CPU.ActiveCfg = Debug|Any CPU
		{B257445E-5225-48B4-B6A0-9523C571E893}.Debug|Any CPU.Build.0 = Debug|Any CPU
		{B257445E-5225-48B4-B6A0-9523C571E893}.Release|Any CPU.ActiveCfg = Release|Any CPU
		{B257445E-5225-48B4-B6A0-9523C571E893}.Release|Any CPU.Build.0 = Release|Any CPU
		{A700E6CC-D95E-4FA4-97FA-D0D4B0B6BD8F}.Debug|Any CPU.ActiveCfg = Debug|Any CPU
		{A700E6CC-D95E-4FA4-97FA-D0D4B0B6BD8F}.Debug|Any CPU.Build.0 = Debug|Any CPU
		{A700E6CC-D95E-4FA4-97FA-D0D4B0B6BD8F}.Release|Any CPU.ActiveCfg = Release|Any CPU
		{A700E6CC-D95E-4FA4-97FA-D0D4B0B6BD8F}.Release|Any CPU.Build.0 = Release|Any CPU
		{037F43FC-43EC-4DDA-AE75-445CC77A5782}.Debug|Any CPU.ActiveCfg = Debug|Any CPU
		{037F43FC-43EC-4DDA-AE75-445CC77A5782}.Debug|Any CPU.Build.0 = Debug|Any CPU
		{037F43FC-43EC-4DDA-AE75-445CC77A5782}.Release|Any CPU.ActiveCfg = Release|Any CPU
		{037F43FC-43EC-4DDA-AE75-445CC77A5782}.Release|Any CPU.Build.0 = Release|Any CPU
		{CDF2420A-8443-49CB-BE20-A8D2578D10D3}.Debug|Any CPU.ActiveCfg = Debug|Any CPU
		{CDF2420A-8443-49CB-BE20-A8D2578D10D3}.Debug|Any CPU.Build.0 = Debug|Any CPU
		{CDF2420A-8443-49CB-BE20-A8D2578D10D3}.Release|Any CPU.ActiveCfg = Release|Any CPU
		{CDF2420A-8443-49CB-BE20-A8D2578D10D3}.Release|Any CPU.Build.0 = Release|Any CPU
		{92F58C48-A059-4E1D-88F6-29E190C19AB2}.Debug|Any CPU.ActiveCfg = Debug|Any CPU
		{92F58C48-A059-4E1D-88F6-29E190C19AB2}.Debug|Any CPU.Build.0 = Debug|Any CPU
		{92F58C48-A059-4E1D-88F6-29E190C19AB2}.Release|Any CPU.ActiveCfg = Release|Any CPU
		{92F58C48-A059-4E1D-88F6-29E190C19AB2}.Release|Any CPU.Build.0 = Release|Any CPU
	EndGlobalSection
	GlobalSection(SolutionProperties) = preSolution
		HideSolutionNode = FALSE
	EndGlobalSection
	GlobalSection(ExtensibilityGlobals) = postSolution
		SolutionGuid = {6CEB745B-162D-4BFD-A2A0-C20F08D5F744}
	EndGlobalSection
EndGlobal
